
Microsoft Visual Studio Solution File, Format Version 12.00
# Visual Studio Version 17
VisualStudioVersion = 17.0.31903.59
MinimumVisualStudioVersion = 10.0.40219.1
Project("{2150E333-8FDC-42A3-9474-1A3956D46DE8}") = "domain", "domain", "{1F8A5FD3-C4F0-46C7-B73F-BF3606173E53}"
EndProject
Project("{9A19103F-16F7-4668-BE54-9A1E7A4F7556}") = "Store", "domain\Store\Store.csproj", "{23583A4D-A360-4523-90BD-1E7B125D0E11}"
EndProject
Project("{2150E333-8FDC-42A3-9474-1A3956D46DE8}") = "infodtructure", "infodtructure", "{C1490EDC-E56F-45FA-B438-3E0979C78439}"
EndProject
Project("{9A19103F-16F7-4668-BE54-9A1E7A4F7556}") = "Store.Memory", "Store.Memory\Store.Memory.csproj", "{E0E1CC14-4272-4828-BCAE-403E38FDCA6D}"
EndProject
Project("{2150E333-8FDC-42A3-9474-1A3956D46DE8}") = "infostructure", "infostructure", "{BA8FDE83-3BF5-4DBE-A0FE-D3E6CA481635}"
EndProject
Project("{9A19103F-16F7-4668-BE54-9A1E7A4F7556}") = "Store.Web", "presentation\Store.Web\Store.Web.csproj", "{9BA8AEAC-D149-47AB-9970-09DDF0D71324}"
EndProject
Project("{9A19103F-16F7-4668-BE54-9A1E7A4F7556}") = "Store.Tests", "domain\Store.Test\Store.Tests.csproj", "{621916BE-D087-4148-9C14-D1FAB1ACB299}"
EndProject
Global
	GlobalSection(SolutionConfigurationPlatforms) = preSolution
		Debug|Any CPU = Debug|Any CPU
		Release|Any CPU = Release|Any CPU
	EndGlobalSection
	GlobalSection(ProjectConfigurationPlatforms) = postSolution
		{23583A4D-A360-4523-90BD-1E7B125D0E11}.Debug|Any CPU.ActiveCfg = Debug|Any CPU
		{23583A4D-A360-4523-90BD-1E7B125D0E11}.Debug|Any CPU.Build.0 = Debug|Any CPU
		{23583A4D-A360-4523-90BD-1E7B125D0E11}.Release|Any CPU.ActiveCfg = Release|Any CPU
		{23583A4D-A360-4523-90BD-1E7B125D0E11}.Release|Any CPU.Build.0 = Release|Any CPU
		{E0E1CC14-4272-4828-BCAE-403E38FDCA6D}.Debug|Any CPU.ActiveCfg = Debug|Any CPU
		{E0E1CC14-4272-4828-BCAE-403E38FDCA6D}.Debug|Any CPU.Build.0 = Debug|Any CPU
		{E0E1CC14-4272-4828-BCAE-403E38FDCA6D}.Release|Any CPU.ActiveCfg = Release|Any CPU
		{E0E1CC14-4272-4828-BCAE-403E38FDCA6D}.Release|Any CPU.Build.0 = Release|Any CPU
		{9BA8AEAC-D149-47AB-9970-09DDF0D71324}.Debug|Any CPU.ActiveCfg = Debug|Any CPU
		{9BA8AEAC-D149-47AB-9970-09DDF0D71324}.Debug|Any CPU.Build.0 = Debug|Any CPU
		{9BA8AEAC-D149-47AB-9970-09DDF0D71324}.Release|Any CPU.ActiveCfg = Release|Any CPU
		{9BA8AEAC-D149-47AB-9970-09DDF0D71324}.Release|Any CPU.Build.0 = Release|Any CPU
		{621916BE-D087-4148-9C14-D1FAB1ACB299}.Debug|Any CPU.ActiveCfg = Debug|Any CPU
		{621916BE-D087-4148-9C14-D1FAB1ACB299}.Debug|Any CPU.Build.0 = Debug|Any CPU
		{621916BE-D087-4148-9C14-D1FAB1ACB299}.Release|Any CPU.ActiveCfg = Release|Any CPU
		{621916BE-D087-4148-9C14-D1FAB1ACB299}.Release|Any CPU.Build.0 = Release|Any CPU
	EndGlobalSection
	GlobalSection(SolutionProperties) = preSolution
		HideSolutionNode = FALSE
	EndGlobalSection
	GlobalSection(NestedProjects) = preSolution
		{23583A4D-A360-4523-90BD-1E7B125D0E11} = {1F8A5FD3-C4F0-46C7-B73F-BF3606173E53}
		{E0E1CC14-4272-4828-BCAE-403E38FDCA6D} = {C1490EDC-E56F-45FA-B438-3E0979C78439}
		{9BA8AEAC-D149-47AB-9970-09DDF0D71324} = {BA8FDE83-3BF5-4DBE-A0FE-D3E6CA481635}
		{621916BE-D087-4148-9C14-D1FAB1ACB299} = {1F8A5FD3-C4F0-46C7-B73F-BF3606173E53}
	EndGlobalSection
	GlobalSection(ExtensibilityGlobals) = postSolution
		SolutionGuid = {ED9D47FB-D73B-4DE3-AADA-69E4F269AAE4}
	EndGlobalSection
EndGlobal
